
Microsoft Visual Studio Solution File, Format Version 12.00
# Visual Studio Version 16
VisualStudioVersion = 16.0.31019.35
MinimumVisualStudioVersion = 10.0.40219.1
Project("{FAE04EC0-301F-11D3-BF4B-00C04F79EFBC}") = "PokeDex", "PokeDex\PokeDex.csproj", "{90E71722-D8FB-45F3-BD43-E93E1FB581BC}"
EndProject
Project("{FAE04EC0-301F-11D3-BF4B-00C04F79EFBC}") = "PokeDex.POCOs", "PokeDex.POCOs\PokeDex.POCOs.csproj", "{F543F431-B3FB-4A8A-A18E-790E2FAC5E6F}"
EndProject
Global
	GlobalSection(SolutionConfigurationPlatforms) = preSolution
		Debug|Any CPU = Debug|Any CPU
		Release|Any CPU = Release|Any CPU
	EndGlobalSection
	GlobalSection(ProjectConfigurationPlatforms) = postSolution
		{90E71722-D8FB-45F3-BD43-E93E1FB581BC}.Debug|Any CPU.ActiveCfg = Debug|Any CPU
		{90E71722-D8FB-45F3-BD43-E93E1FB581BC}.Debug|Any CPU.Build.0 = Debug|Any CPU
		{90E71722-D8FB-45F3-BD43-E93E1FB581BC}.Release|Any CPU.ActiveCfg = Release|Any CPU
		{90E71722-D8FB-45F3-BD43-E93E1FB581BC}.Release|Any CPU.Build.0 = Release|Any CPU
		{F543F431-B3FB-4A8A-A18E-790E2FAC5E6F}.Debug|Any CPU.ActiveCfg = Debug|Any CPU
		{F543F431-B3FB-4A8A-A18E-790E2FAC5E6F}.Debug|Any CPU.Build.0 = Debug|Any CPU
		{F543F431-B3FB-4A8A-A18E-790E2FAC5E6F}.Release|Any CPU.ActiveCfg = Release|Any CPU
		{F543F431-B3FB-4A8A-A18E-790E2FAC5E6F}.Release|Any CPU.Build.0 = Release|Any CPU
	EndGlobalSection
	GlobalSection(SolutionProperties) = preSolution
		HideSolutionNode = FALSE
	EndGlobalSection
	GlobalSection(ExtensibilityGlobals) = postSolution
		SolutionGuid = {0655954F-AD7A-442F-B107-E2F316B5A44C}
	EndGlobalSection
EndGlobal
